
Microsoft Visual Studio Solution File, Format Version 12.00
# Visual Studio 2012
Project("{FAE04EC0-301F-11D3-BF4B-00C04F79EFBC}") = "Fiap.Persistencia.Exercicio1.PL", "Fiap.Persistencia.Exercicio1\Fiap.Persistencia.Exercicio1.PL.csproj", "{647F0AE0-6DB6-4BA7-9CB3-B8799934CFE5}"
EndProject
Project("{FAE04EC0-301F-11D3-BF4B-00C04F79EFBC}") = "Fiap.Persistencia.Dao", "Fiap.Persistencia.DAO\Fiap.Persistencia.Dao.csproj", "{5CEDCE69-6556-4262-BD08-DF09DC2AA564}"
EndProject
Global
	GlobalSection(SolutionConfigurationPlatforms) = preSolution
		Debug|Any CPU = Debug|Any CPU
		Release|Any CPU = Release|Any CPU
	EndGlobalSection
	GlobalSection(ProjectConfigurationPlatforms) = postSolution
		{647F0AE0-6DB6-4BA7-9CB3-B8799934CFE5}.Debug|Any CPU.ActiveCfg = Debug|Any CPU
		{647F0AE0-6DB6-4BA7-9CB3-B8799934CFE5}.Debug|Any CPU.Build.0 = Debug|Any CPU
		{647F0AE0-6DB6-4BA7-9CB3-B8799934CFE5}.Release|Any CPU.ActiveCfg = Release|Any CPU
		{647F0AE0-6DB6-4BA7-9CB3-B8799934CFE5}.Release|Any CPU.Build.0 = Release|Any CPU
		{5CEDCE69-6556-4262-BD08-DF09DC2AA564}.Debug|Any CPU.ActiveCfg = Debug|Any CPU
		{5CEDCE69-6556-4262-BD08-DF09DC2AA564}.Debug|Any CPU.Build.0 = Debug|Any CPU
		{5CEDCE69-6556-4262-BD08-DF09DC2AA564}.Release|Any CPU.ActiveCfg = Release|Any CPU
		{5CEDCE69-6556-4262-BD08-DF09DC2AA564}.Release|Any CPU.Build.0 = Release|Any CPU
	EndGlobalSection
	GlobalSection(SolutionProperties) = preSolution
		HideSolutionNode = FALSE
	EndGlobalSection
EndGlobal
